
Microsoft Visual Studio Solution File, Format Version 12.00
# Visual Studio Version 17
VisualStudioVersion = 17.0.31903.59
MinimumVisualStudioVersion = 10.0.40219.1
Project("{2150E333-8FDC-42A3-9474-1A3956D46DE8}") = "src", "src", "{5894AA3E-0972-4961-BCFA-8FF393B17217}"
EndProject
Project("{FAE04EC0-301F-11D3-BF4B-00C04F79EFBC}") = "Neo4j_002_SixDegrees", "src\Neo4j_002_SixDegrees\Neo4j_002_SixDegrees.csproj", "{98C98BF3-E6C7-42AA-9FFE-837D007BC54B}"
EndProject
Global
	GlobalSection(SolutionConfigurationPlatforms) = preSolution
		Debug|Any CPU = Debug|Any CPU
		Release|Any CPU = Release|Any CPU
	EndGlobalSection
	GlobalSection(SolutionProperties) = preSolution
		HideSolutionNode = FALSE
	EndGlobalSection
	GlobalSection(ProjectConfigurationPlatforms) = postSolution
		{98C98BF3-E6C7-42AA-9FFE-837D007BC54B}.Debug|Any CPU.ActiveCfg = Debug|Any CPU
		{98C98BF3-E6C7-42AA-9FFE-837D007BC54B}.Debug|Any CPU.Build.0 = Debug|Any CPU
		{98C98BF3-E6C7-42AA-9FFE-837D007BC54B}.Release|Any CPU.ActiveCfg = Release|Any CPU
		{98C98BF3-E6C7-42AA-9FFE-837D007BC54B}.Release|Any CPU.Build.0 = Release|Any CPU
	EndGlobalSection
	GlobalSection(NestedProjects) = preSolution
		{98C98BF3-E6C7-42AA-9FFE-837D007BC54B} = {5894AA3E-0972-4961-BCFA-8FF393B17217}
	EndGlobalSection
EndGlobal
